
Microsoft Visual Studio Solution File, Format Version 12.00
# Visual Studio Version 16
VisualStudioVersion = 16.0.33529.622
MinimumVisualStudioVersion = 10.0.40219.1
Project("{FAE04EC0-301F-11D3-BF4B-00C04F79EFBC}") = "pr37savichev", "pr37savichev.csproj", "{C7DD110D-A2F3-4318-9820-DFCF5535EB57}"
EndProject
Global
	GlobalSection(SolutionConfigurationPlatforms) = preSolution
		Debug|Any CPU = Debug|Any CPU
		Release|Any CPU = Release|Any CPU
	EndGlobalSection
	GlobalSection(ProjectConfigurationPlatforms) = postSolution
		{C7DD110D-A2F3-4318-9820-DFCF5535EB57}.Debug|Any CPU.ActiveCfg = Debug|Any CPU
		{C7DD110D-A2F3-4318-9820-DFCF5535EB57}.Debug|Any CPU.Build.0 = Debug|Any CPU
		{C7DD110D-A2F3-4318-9820-DFCF5535EB57}.Release|Any CPU.ActiveCfg = Release|Any CPU
		{C7DD110D-A2F3-4318-9820-DFCF5535EB57}.Release|Any CPU.Build.0 = Release|Any CPU
	EndGlobalSection
	GlobalSection(SolutionProperties) = preSolution
		HideSolutionNode = FALSE
	EndGlobalSection
	GlobalSection(ExtensibilityGlobals) = postSolution
		SolutionGuid = {095A5BEF-7CFC-4CB0-83B2-F2D7AF737158}
	EndGlobalSection
EndGlobal
